
Microsoft Visual Studio Solution File, Format Version 12.00
# Visual Studio Version 17
VisualStudioVersion = 17.2.32519.379
MinimumVisualStudioVersion = 10.0.40219.1
Project("{FAE04EC0-301F-11D3-BF4B-00C04F79EFBC}") = "AddHundredDigits", "AddHundredDigits\AddHundredDigits.csproj", "{45464658-E8C0-4A18-B247-F674BD2AFAE2}"
EndProject
Global
	GlobalSection(SolutionConfigurationPlatforms) = preSolution
		Debug|Any CPU = Debug|Any CPU
		Release|Any CPU = Release|Any CPU
	EndGlobalSection
	GlobalSection(ProjectConfigurationPlatforms) = postSolution
		{45464658-E8C0-4A18-B247-F674BD2AFAE2}.Debug|Any CPU.ActiveCfg = Debug|Any CPU
		{45464658-E8C0-4A18-B247-F674BD2AFAE2}.Debug|Any CPU.Build.0 = Debug|Any CPU
		{45464658-E8C0-4A18-B247-F674BD2AFAE2}.Release|Any CPU.ActiveCfg = Release|Any CPU
		{45464658-E8C0-4A18-B247-F674BD2AFAE2}.Release|Any CPU.Build.0 = Release|Any CPU
	EndGlobalSection
	GlobalSection(SolutionProperties) = preSolution
		HideSolutionNode = FALSE
	EndGlobalSection
	GlobalSection(ExtensibilityGlobals) = postSolution
		SolutionGuid = {00B68190-C3D1-4A9E-91AE-67954DECF18B}
	EndGlobalSection
EndGlobal
